<?xml version="1.0" encoding="utf-8"?>
<Project ToolsVersion="4.0" xmlns="http://schemas.microsoft.com/developer/msbuild/2003">
  <ItemGroup>
    <ClCompile Include="Config.cpp">
      <Filter>source</Filter>
    </ClCompile>
    <ClCompile Include="Core.cpp">
      <Filter>source</Filter>
    </ClCompile>
    <ClCompile Include="Engine.cpp">
      <Filter>source</Filter>
    </ClCompile>
    <ClCompile Include="Offsets.cpp">
      <Filter>source</Filter>
    </ClCompile>
    <ClCompile Include="Renderer.cpp">
      <Filter>source</Filter>
    </ClCompile>
    <ClCompile Include="Source.cpp">
      <Filter>source</Filter>
    </ClCompile>
    <ClCompile Include="CastleManager.cpp">
      <Filter>source\features</Filter>
    </ClCompile>
    <ClCompile Include="CustomLoadingScreen.cpp">
      <Filter>source\features</Filter>
    </ClCompile>
    <ClCompile Include="ESP.cpp">
      <Filter>source\features</Filter>
    </ClCompile>
    <ClCompile Include="Feature.cpp">
      <Filter>source\features</Filter>
    </ClCompile>
    <ClCompile Include="MinimapText.cpp">
      <Filter>source\features</Filter>
    </ClCompile>
    <ClCompile Include="RelicManager.cpp">
      <Filter>source\features</Filter>
    </ClCompile>
    <ClCompile Include="ResourceInformation.cpp">
      <Filter>source\features</Filter>
    </ClCompile>
    <ClCompile Include="imgui\imgui.cpp">
      <Filter>source\imgui</Filter>
    </ClCompile>
    <ClCompile Include="imgui\imgui_demo.cpp">
      <Filter>source\imgui</Filter>
    </ClCompile>
    <ClCompile Include="imgui\imgui_draw.cpp">
      <Filter>source\imgui</Filter>
    </ClCompile>
    <ClCompile Include="imgui\imgui_impl_dx11.cpp">
      <Filter>source\imgui</Filter>
    </ClCompile>
    <ClCompile Include="imgui\imgui_impl_win32.cpp">
      <Filter>source\imgui</Filter>
    </ClCompile>
    <ClCompile Include="imgui\imgui_widgets.cpp">
      <Filter>source\imgui</Filter>
    </ClCompile>
    <ClCompile Include="Debug.cpp">
      <Filter>source\features</Filter>
    </ClCompile>
    <ClCompile Include="OneVsOne.cpp">
      <Filter>source\features</Filter>
    </ClCompile>
    <ClCompile Include="VmtHook.cpp">
      <Filter>source\util</Filter>
    </ClCompile>
    <ClCompile Include="Patcher.cpp">
      <Filter>source\util</Filter>
    </ClCompile>
    <ClCompile Include="MidfunctionHook.cpp">
      <Filter>source\util</Filter>
    </ClCompile>
    <ClCompile Include="FeatureManager.cpp">
      <Filter>source\features</Filter>
    </ClCompile>
    <ClCompile Include="Pattern.cpp">
      <Filter>source\util</Filter>
    </ClCompile>
    <ClCompile Include="InitialiseOffsets.cpp">
      <Filter>source\features</Filter>
    </ClCompile>
  </ItemGroup>
  <ItemGroup>
    <ClInclude Include="Classes.h">
      <Filter>header</Filter>
    </ClInclude>
    <ClInclude Include="Config.h">
      <Filter>header</Filter>
    </ClInclude>
    <ClInclude Include="Core.h">
      <Filter>header</Filter>
    </ClInclude>
    <ClInclude Include="Engine.h">
      <Filter>header</Filter>
    </ClInclude>
    <ClInclude Include="main.h">
      <Filter>header</Filter>
    </ClInclude>
    <ClInclude Include="Offsets.h">
      <Filter>header</Filter>
    </ClInclude>
    <ClInclude Include="Renderer.h">
      <Filter>header</Filter>
    </ClInclude>
    <ClInclude Include="SDK.h">
      <Filter>header</Filter>
    </ClInclude>
    <ClInclude Include="imgui\imconfig.h">
      <Filter>header\imgui</Filter>
    </ClInclude>
    <ClInclude Include="imgui\imgui.h">
      <Filter>header\imgui</Filter>
    </ClInclude>
    <ClInclude Include="imgui\imgui_impl_dx11.h">
      <Filter>header\imgui</Filter>
    </ClInclude>
    <ClInclude Include="imgui\imgui_impl_win32.h">
      <Filter>header\imgui</Filter>
    </ClInclude>
    <ClInclude Include="imgui\imgui_internal.h">
      <Filter>header\imgui</Filter>
    </ClInclude>
    <ClInclude Include="imgui\imstb_rectpack.h">
      <Filter>header\imgui</Filter>
    </ClInclude>
    <ClInclude Include="imgui\imstb_textedit.h">
      <Filter>header\imgui</Filter>
    </ClInclude>
    <ClInclude Include="imgui\imstb_truetype.h">
      <Filter>header\imgui</Filter>
    </ClInclude>
    <ClInclude Include="CastleManager.h">
      <Filter>header\features</Filter>
    </ClInclude>
    <ClInclude Include="CustomLoadingScreen.h">
      <Filter>header\features</Filter>
    </ClInclude>
    <ClInclude Include="ESP.h">
      <Filter>header\features</Filter>
    </ClInclude>
    <ClInclude Include="Feature.h">
      <Filter>header\features</Filter>
    </ClInclude>
    <ClInclude Include="MinimapText.h">
      <Filter>header\features</Filter>
    </ClInclude>
    <ClInclude Include="RelicManager.h">
      <Filter>header\features</Filter>
    </ClInclude>
    <ClInclude Include="ResourceInformation.h">
      <Filter>header\features</Filter>
    </ClInclude>
    <ClInclude Include="Debug.h">
      <Filter>header\features</Filter>
    </ClInclude>
    <ClInclude Include="OneVsOne.h">
      <Filter>header\features</Filter>
    </ClInclude>
    <ClInclude Include="Patcher.h">
      <Filter>header\util</Filter>
    </ClInclude>
    <ClInclude Include="ThreadsafeQueue.h">
      <Filter>header\util</Filter>
    </ClInclude>
    <ClInclude Include="FeatureManager.h">
      <Filter>header\features</Filter>
    </ClInclude>
    <ClInclude Include="MidfunctionHook.h">
      <Filter>header\util</Filter>
    </ClInclude>
    <ClInclude Include="VmtHook.h">
      <Filter>header\util</Filter>
    </ClInclude>
    <ClInclude Include="Utility.h">
      <Filter>header\util</Filter>
    </ClInclude>
    <ClInclude Include="Pattern.h">
      <Filter>header\util</Filter>
    </ClInclude>
    <ClInclude Include="InitialiseOffsets.h">
      <Filter>header\features</Filter>
    </ClInclude>
  </ItemGroup>
  <ItemGroup>
    <Filter Include="header">
      <UniqueIdentifier>{0d5ab812-2808-4b12-bd38-4d02a6845a8c}</UniqueIdentifier>
    </Filter>
    <Filter Include="header\imgui">
      <UniqueIdentifier>{3587b415-9bf4-47e3-8008-2da372e3508b}</UniqueIdentifier>
    </Filter>
    <Filter Include="source">
      <UniqueIdentifier>{8fe90719-9bdc-4d16-b505-0f18a2302fc7}</UniqueIdentifier>
    </Filter>
    <Filter Include="header\features">
      <UniqueIdentifier>{c09a50a9-aae8-4361-9ea3-099ea5db71fd}</UniqueIdentifier>
    </Filter>
    <Filter Include="source\features">
      <UniqueIdentifier>{47fa2810-fdb6-4a77-bcfd-964568dcaf53}</UniqueIdentifier>
    </Filter>
    <Filter Include="source\imgui">
      <UniqueIdentifier>{665f5e50-113c-45cb-8661-056ba49e980f}</UniqueIdentifier>
    </Filter>
    <Filter Include="header\util">
      <UniqueIdentifier>{da23f4e0-4edd-4c23-b6f2-3c66c1548022}</UniqueIdentifier>
    </Filter>
    <Filter Include="source\util">
      <UniqueIdentifier>{baefd854-8772-4b4e-b8d2-416eefa78231}</UniqueIdentifier>
    </Filter>
  </ItemGroup>
</Project>